
Microsoft Visual Studio Solution File, Format Version 12.00
# Visual Studio Version 16
VisualStudioVersion = 16.0.29806.167
MinimumVisualStudioVersion = 10.0.40219.1
Project("{FAE04EC0-301F-11D3-BF4B-00C04F79EFBC}") = "SimpleTranslationLocal", "SimpleTranslationLocal.csproj", "{A5E7ADC0-5B00-4BE2-AF49-270E7DDF1F76}"
EndProject
Global
	GlobalSection(SolutionConfigurationPlatforms) = preSolution
		Debug|Any CPU = Debug|Any CPU
		Release|Any CPU = Release|Any CPU
		Stub|Any CPU = Stub|Any CPU
	EndGlobalSection
	GlobalSection(ProjectConfigurationPlatforms) = postSolution
		{A5E7ADC0-5B00-4BE2-AF49-270E7DDF1F76}.Debug|Any CPU.ActiveCfg = Debug|Any CPU
		{A5E7ADC0-5B00-4BE2-AF49-270E7DDF1F76}.Debug|Any CPU.Build.0 = Debug|Any CPU
		{A5E7ADC0-5B00-4BE2-AF49-270E7DDF1F76}.Release|Any CPU.ActiveCfg = Release|Any CPU
		{A5E7ADC0-5B00-4BE2-AF49-270E7DDF1F76}.Release|Any CPU.Build.0 = Release|Any CPU
		{A5E7ADC0-5B00-4BE2-AF49-270E7DDF1F76}.Stub|Any CPU.ActiveCfg = Stub|Any CPU
		{A5E7ADC0-5B00-4BE2-AF49-270E7DDF1F76}.Stub|Any CPU.Build.0 = Stub|Any CPU
	EndGlobalSection
	GlobalSection(SolutionProperties) = preSolution
		HideSolutionNode = FALSE
	EndGlobalSection
	GlobalSection(ExtensibilityGlobals) = postSolution
		SolutionGuid = {8A7E0C7A-F0F4-4A45-B1AB-5B69D1173AF8}
	EndGlobalSection
EndGlobal
